
Microsoft Visual Studio Solution File, Format Version 12.00
# Visual Studio 15
VisualStudioVersion = 15.0.27130.2036
MinimumVisualStudioVersion = 10.0.40219.1
Project("{FAE04EC0-301F-11D3-BF4B-00C04F79EFBC}") = "BankingApplication.Model", "BankingApplication.Model\BankingApplication.Model.csproj", "{4DF26D3B-36B3-4000-991C-B9D2FB331EFF}"
EndProject
Project("{FAE04EC0-301F-11D3-BF4B-00C04F79EFBC}") = "BankingApplication.ModelTests", "BankingApplication.ModelTests\BankingApplication.ModelTests.csproj", "{631A9251-E100-44C2-ABBD-26068512EF43}"
EndProject
Global
	GlobalSection(SolutionConfigurationPlatforms) = preSolution
		Debug|Any CPU = Debug|Any CPU
		Release|Any CPU = Release|Any CPU
	EndGlobalSection
	GlobalSection(ProjectConfigurationPlatforms) = postSolution
		{4DF26D3B-36B3-4000-991C-B9D2FB331EFF}.Debug|Any CPU.ActiveCfg = Debug|Any CPU
		{4DF26D3B-36B3-4000-991C-B9D2FB331EFF}.Debug|Any CPU.Build.0 = Debug|Any CPU
		{4DF26D3B-36B3-4000-991C-B9D2FB331EFF}.Release|Any CPU.ActiveCfg = Release|Any CPU
		{4DF26D3B-36B3-4000-991C-B9D2FB331EFF}.Release|Any CPU.Build.0 = Release|Any CPU
		{631A9251-E100-44C2-ABBD-26068512EF43}.Debug|Any CPU.ActiveCfg = Debug|Any CPU
		{631A9251-E100-44C2-ABBD-26068512EF43}.Debug|Any CPU.Build.0 = Debug|Any CPU
		{631A9251-E100-44C2-ABBD-26068512EF43}.Release|Any CPU.ActiveCfg = Release|Any CPU
		{631A9251-E100-44C2-ABBD-26068512EF43}.Release|Any CPU.Build.0 = Release|Any CPU
	EndGlobalSection
	GlobalSection(SolutionProperties) = preSolution
		HideSolutionNode = FALSE
	EndGlobalSection
	GlobalSection(ExtensibilityGlobals) = postSolution
		SolutionGuid = {EAF2821A-AB58-4CC6-BF77-2A3D7FDD93B0}
	EndGlobalSection
EndGlobal
